
Microsoft Visual Studio Solution File, Format Version 12.00
Project("{FAE04EC0-301F-11D3-BF4B-00C04F79EFBC}") = "MamyHasla", "MamyHasla\MamyHasla.csproj", "{DDBA4D74-3461-4AEA-913C-7D5053751929}"
EndProject
Global
	GlobalSection(SolutionConfigurationPlatforms) = preSolution
		Debug|Any CPU = Debug|Any CPU
		Release|Any CPU = Release|Any CPU
	EndGlobalSection
	GlobalSection(ProjectConfigurationPlatforms) = postSolution
		{DDBA4D74-3461-4AEA-913C-7D5053751929}.Debug|Any CPU.ActiveCfg = Debug|Any CPU
		{DDBA4D74-3461-4AEA-913C-7D5053751929}.Debug|Any CPU.Build.0 = Debug|Any CPU
		{DDBA4D74-3461-4AEA-913C-7D5053751929}.Release|Any CPU.ActiveCfg = Release|Any CPU
		{DDBA4D74-3461-4AEA-913C-7D5053751929}.Release|Any CPU.Build.0 = Release|Any CPU
	EndGlobalSection
EndGlobal
